
Microsoft Visual Studio Solution File, Format Version 12.00
# Visual Studio Version 17
VisualStudioVersion = 17.2.32630.192
MinimumVisualStudioVersion = 10.0.40219.1
Project("{FAE04EC0-301F-11D3-BF4B-00C04F79EFBC}") = "ARM_V2.0", "ARM_V2.0\ARM_V2.0.csproj", "{863B913D-252D-4B8D-B696-84CE3EE10D32}"
EndProject
Global
	GlobalSection(SolutionConfigurationPlatforms) = preSolution
		Debug|Any CPU = Debug|Any CPU
		Release|Any CPU = Release|Any CPU
	EndGlobalSection
	GlobalSection(ProjectConfigurationPlatforms) = postSolution
		{863B913D-252D-4B8D-B696-84CE3EE10D32}.Debug|Any CPU.ActiveCfg = Debug|Any CPU
		{863B913D-252D-4B8D-B696-84CE3EE10D32}.Debug|Any CPU.Build.0 = Debug|Any CPU
		{863B913D-252D-4B8D-B696-84CE3EE10D32}.Release|Any CPU.ActiveCfg = Release|Any CPU
		{863B913D-252D-4B8D-B696-84CE3EE10D32}.Release|Any CPU.Build.0 = Release|Any CPU
	EndGlobalSection
	GlobalSection(SolutionProperties) = preSolution
		HideSolutionNode = FALSE
	EndGlobalSection
	GlobalSection(ExtensibilityGlobals) = postSolution
		SolutionGuid = {785FE194-C427-4911-AB99-2813B3760631}
	EndGlobalSection
EndGlobal
